
Microsoft Visual Studio Solution File, Format Version 12.00
# Visual Studio Version 16
VisualStudioVersion = 16.0.31729.503
MinimumVisualStudioVersion = 10.0.40219.1
Project("{FAE04EC0-301F-11D3-BF4B-00C04F79EFBC}") = "CrudAspNetApi", "CrudAspNetApi\CrudAspNetApi.csproj", "{0D6084E0-A1E1-4D52-BB71-30F399BD84D8}"
EndProject
Project("{FAE04EC0-301F-11D3-BF4B-00C04F79EFBC}") = "Model", "Model\Model.csproj", "{18421F84-4217-44FA-B6B0-585B10DCC1CA}"
EndProject
Global
	GlobalSection(SolutionConfigurationPlatforms) = preSolution
		Debug|Any CPU = Debug|Any CPU
		Release|Any CPU = Release|Any CPU
	EndGlobalSection
	GlobalSection(ProjectConfigurationPlatforms) = postSolution
		{0D6084E0-A1E1-4D52-BB71-30F399BD84D8}.Debug|Any CPU.ActiveCfg = Debug|Any CPU
		{0D6084E0-A1E1-4D52-BB71-30F399BD84D8}.Debug|Any CPU.Build.0 = Debug|Any CPU
		{0D6084E0-A1E1-4D52-BB71-30F399BD84D8}.Release|Any CPU.ActiveCfg = Release|Any CPU
		{0D6084E0-A1E1-4D52-BB71-30F399BD84D8}.Release|Any CPU.Build.0 = Release|Any CPU
		{18421F84-4217-44FA-B6B0-585B10DCC1CA}.Debug|Any CPU.ActiveCfg = Debug|Any CPU
		{18421F84-4217-44FA-B6B0-585B10DCC1CA}.Debug|Any CPU.Build.0 = Debug|Any CPU
		{18421F84-4217-44FA-B6B0-585B10DCC1CA}.Release|Any CPU.ActiveCfg = Release|Any CPU
		{18421F84-4217-44FA-B6B0-585B10DCC1CA}.Release|Any CPU.Build.0 = Release|Any CPU
	EndGlobalSection
	GlobalSection(SolutionProperties) = preSolution
		HideSolutionNode = FALSE
	EndGlobalSection
	GlobalSection(ExtensibilityGlobals) = postSolution
		SolutionGuid = {14E76BBC-D765-4A6E-8091-C86D1C92E3C0}
	EndGlobalSection
EndGlobal
